Microsoft Visual Studio Solution File, Format Version 12.00
# Visual Studio 15
VisualStudioVersion = 15.0.26228.12
MinimumVisualStudioVersion = 10.0.40219.1
Project("{FAE04EC0-301F-11D3-BF4B-00C04F79EFBC}") = "CharacterGen.Api", "CharacterGen.Api\CharacterGen.Api.csproj", "{CD0FF2FF-FD22-45BF-81FA-D0347C8F75D0}"
EndProject
Project("{FAE04EC0-301F-11D3-BF4B-00C04F79EFBC}") = "CharacterGen.Common.Tests", "CharacterGen.Common.Tests\CharacterGen.Common.Tests.csproj", "{CD2B29C1-E21E-4B25-8EF1-AD8DCD3A9079}"
EndProject
Project("{FAE04EC0-301F-11D3-BF4B-00C04F79EFBC}") = "CharacterGen.Common", "CharacterGen.Common\CharacterGen.Common.csproj", "{39D33ED4-53A5-49F3-9594-25144BCA183C}"
EndProject
Project("{FAE04EC0-301F-11D3-BF4B-00C04F79EFBC}") = "CharacterGen.Dal", "CharacterGen.Dal\CharacterGen.Dal.csproj", "{2672366C-F7E5-4427-AFC2-4FF21630D6BD}"
EndProject
Project("{FAE04EC0-301F-11D3-BF4B-00C04F79EFBC}") = "CharacterGen.Mongo", "CharacterGen.Mongo\CharacterGen.Mongo.csproj", "{59F46FBB-E818-4FE0-A8E1-F7D44735775B}"
EndProject
Project("{FAE04EC0-301F-11D3-BF4B-00C04F79EFBC}") = "CharacterGen.Domain", "CharacterGen.Domain\CharacterGen.Domain.csproj", "{DE73B894-9163-4B4A-990C-B383CDAEDDD0}"
EndProject
Project("{FAE04EC0-301F-11D3-BF4B-00C04F79EFBC}") = "CharacterGen.Business.Tests", "CharacterGen.Business.Tests\CharacterGen.Business.Tests.csproj", "{F02988C3-DE7B-421E-9967-F535B945F582}"
EndProject
Project("{FAE04EC0-301F-11D3-BF4B-00C04F79EFBC}") = "CharacterGen.Business", "CharacterGen.Business\CharacterGen.Business.csproj", "{29B1BFE5-A3F0-4066-ADC0-D6C032CBA788}"
EndProject
Global
	GlobalSection(SolutionConfigurationPlatforms) = preSolution
		Debug|Any CPU = Debug|Any CPU
		Release|Any CPU = Release|Any CPU
	EndGlobalSection
	GlobalSection(ProjectConfigurationPlatforms) = postSolution
		{CD0FF2FF-FD22-45BF-81FA-D0347C8F75D0}.Debug|Any CPU.ActiveCfg = Debug|Any CPU
		{CD0FF2FF-FD22-45BF-81FA-D0347C8F75D0}.Debug|Any CPU.Build.0 = Debug|Any CPU
		{CD0FF2FF-FD22-45BF-81FA-D0347C8F75D0}.Release|Any CPU.ActiveCfg = Release|Any CPU
		{CD0FF2FF-FD22-45BF-81FA-D0347C8F75D0}.Release|Any CPU.Build.0 = Release|Any CPU
		{CD2B29C1-E21E-4B25-8EF1-AD8DCD3A9079}.Debug|Any CPU.ActiveCfg = Debug|Any CPU
		{CD2B29C1-E21E-4B25-8EF1-AD8DCD3A9079}.Debug|Any CPU.Build.0 = Debug|Any CPU
		{CD2B29C1-E21E-4B25-8EF1-AD8DCD3A9079}.Release|Any CPU.ActiveCfg = Release|Any CPU
		{CD2B29C1-E21E-4B25-8EF1-AD8DCD3A9079}.Release|Any CPU.Build.0 = Release|Any CPU
		{39D33ED4-53A5-49F3-9594-25144BCA183C}.Debug|Any CPU.ActiveCfg = Debug|Any CPU
		{39D33ED4-53A5-49F3-9594-25144BCA183C}.Debug|Any CPU.Build.0 = Debug|Any CPU
		{39D33ED4-53A5-49F3-9594-25144BCA183C}.Release|Any CPU.ActiveCfg = Release|Any CPU
		{39D33ED4-53A5-49F3-9594-25144BCA183C}.Release|Any CPU.Build.0 = Release|Any CPU
		{2672366C-F7E5-4427-AFC2-4FF21630D6BD}.Debug|Any CPU.ActiveCfg = Debug|Any CPU
		{2672366C-F7E5-4427-AFC2-4FF21630D6BD}.Debug|Any CPU.Build.0 = Debug|Any CPU
		{2672366C-F7E5-4427-AFC2-4FF21630D6BD}.Release|Any CPU.ActiveCfg = Release|Any CPU
		{2672366C-F7E5-4427-AFC2-4FF21630D6BD}.Release|Any CPU.Build.0 = Release|Any CPU
		{59F46FBB-E818-4FE0-A8E1-F7D44735775B}.Debug|Any CPU.ActiveCfg = Debug|Any CPU
		{59F46FBB-E818-4FE0-A8E1-F7D44735775B}.Debug|Any CPU.Build.0 = Debug|Any CPU
		{59F46FBB-E818-4FE0-A8E1-F7D44735775B}.Release|Any CPU.ActiveCfg = Release|Any CPU
		{59F46FBB-E818-4FE0-A8E1-F7D44735775B}.Release|Any CPU.Build.0 = Release|Any CPU
		{DE73B894-9163-4B4A-990C-B383CDAEDDD0}.Debug|Any CPU.ActiveCfg = Debug|Any CPU
		{DE73B894-9163-4B4A-990C-B383CDAEDDD0}.Debug|Any CPU.Build.0 = Debug|Any CPU
		{DE73B894-9163-4B4A-990C-B383CDAEDDD0}.Release|Any CPU.ActiveCfg = Release|Any CPU
		{DE73B894-9163-4B4A-990C-B383CDAEDDD0}.Release|Any CPU.Build.0 = Release|Any CPU
		{F02988C3-DE7B-421E-9967-F535B945F582}.Debug|Any CPU.ActiveCfg = Debug|Any CPU
		{F02988C3-DE7B-421E-9967-F535B945F582}.Debug|Any CPU.Build.0 = Debug|Any CPU
		{F02988C3-DE7B-421E-9967-F535B945F582}.Release|Any CPU.ActiveCfg = Release|Any CPU
		{F02988C3-DE7B-421E-9967-F535B945F582}.Release|Any CPU.Build.0 = Release|Any CPU
		{29B1BFE5-A3F0-4066-ADC0-D6C032CBA788}.Debug|Any CPU.ActiveCfg = Debug|Any CPU
		{29B1BFE5-A3F0-4066-ADC0-D6C032CBA788}.Debug|Any CPU.Build.0 = Debug|Any CPU
		{29B1BFE5-A3F0-4066-ADC0-D6C032CBA788}.Release|Any CPU.ActiveCfg = Release|Any CPU
		{29B1BFE5-A3F0-4066-ADC0-D6C032CBA788}.Release|Any CPU.Build.0 = Release|Any CPU
	EndGlobalSection
	GlobalSection(SolutionProperties) = preSolution
		HideSolutionNode = FALSE
	EndGlobalSection
EndGlobal
